// !$*UTF8*$!
{
	archiveVersion = 1;
	classes = {
	};
	objectVersion = 46;
	objects = {

/* Begin PBXBuildFile section */
		6620A91E1F9AE07B00F6208B /* AppDelegate.swift in Sources */ = {isa = PBXBuildFile; fileRef = 6620A91D1F9AE07B00F6208B /* AppDelegate.swift */; };
		6620A9201F9AE07B00F6208B /* ViewController.swift in Sources */ = {isa = PBXBuildFile; fileRef = 6620A91F1F9AE07B00F6208B /* ViewController.swift */; };
		6620A9231F9AE07B00F6208B /* Main.storyboard in Resources */ = {isa = PBXBuildFile; fileRef = 6620A9211F9AE07B00F6208B /* Main.storyboard */; };
		6620A9251F9AE07B00F6208B /* Assets.xcassets in Resources */ = {isa = PBXBuildFile; fileRef = 6620A9241F9AE07B00F6208B /* Assets.xcassets */; };
		6620A9281F9AE07B00F6208B /* LaunchScreen.storyboard in Resources */ = {isa = PBXBuildFile; fileRef = 6620A9261F9AE07B00F6208B /* LaunchScreen.storyboard */; };
/* End PBXBuildFile section */

/* Begin PBXFileReference section */
		6620A91A1F9AE07B00F6208B /* TalkingButton.app */ = {isa = PBXFileReference; explicitFileType = wrapper.application; includeInIndex = 0; path = TalkingButton.app; sourceTree = BUILT_PRODUCTS_DIR; };
		6620A91D1F9AE07B00F6208B /* AppDelegate.swift */ = {isa = PBXFileReference; lastKnownFileType = sourcecode.swift; path = AppDelegate.swift; sourceTree = "<group>"; };
		6620A91F1F9AE07B00F6208B /* ViewController.swift */ = {isa = PBXFileReference; lastKnownFileType = sourcecode.swift; path = ViewController.swift; sourceTree = "<group>"; };
		6620A9221F9AE07B00F6208B /* Base */ = {isa = PBXFileReference; lastKnownFileType = file.storyboard; name = Base; path = Base.lproj/Main.storyboard; sourceTree = "<group>"; };
		6620A9241F9AE07B00F6208B /* Assets.xcassets */ = {isa = PBXFileReference; lastKnownFileType = folder.assetcatalog; path = Assets.xcassets; sourceTree = "<group>"; };
		6620A9271F9AE07B00F6208B /* Base */ = {isa = PBXFileReference; lastKnownFileType = file.storyboard; name = Base; path = Base.lproj/LaunchScreen.storyboard; sourceTree = "<group>"; };
		6620A9291F9AE07B00F6208B /* Info.plist */ = {isa = PBXFileReference; lastKnownFileType = text.plist.xml; path = Info.plist; sourceTree = "<group>"; };
/* End PBXFileReference section */

/* Begin PBXFrameworksBuildPhase section */
		6620A9171F9AE07B00F6208B /* Frameworks */ = {
			isa = PBXFrameworksBuildPhase;
			buildActionMask = 2147483647;
			files = (
			);
			runOnlyForDeploymentPostprocessing = 0;
		};
/* End PBXFrameworksBuildPhase section */

/* Begin PBXGroup section */
		6620A9111F9AE07B00F6208B = {
			isa = PBXGroup;
			children = (
				6620A91C1F9AE07B00F6208B /* TalkingButton */,
				6620A91B1F9AE07B00F6208B /* Products */,
			);
			sourceTree = "<group>";
		};
		6620A91B1F9AE07B00F6208B /* Products */ = {
			isa = PBXGroup;
			children = (
				6620A91A1F9AE07B00F6208B /* TalkingButton.app */,
			);
			name = Products;
			sourceTree = "<group>";
		};
		6620A91C1F9AE07B00F6208B /* TalkingButton */ = {
			isa = PBXGroup;
			children = (
				6620A91D1F9AE07B00F6208B /* AppDelegate.swift */,
				6620A91F1F9AE07B00F6208B /* ViewController.swift */,
				6620A9211F9AE07B00F6208B /* Main.storyboard */,
				6620A9241F9AE07B00F6208B /* Assets.xcassets */,
				6620A9261F9AE07B00F6208B /* LaunchScreen.storyboard */,
				6620A9291F9AE07B00F6208B /* Info.plist */,
			);
			path = TalkingButton;
			sourceTree = "<group>";
		};
/* End PBXGroup section */

/* Begin PBXNativeTarget section */
		6620A9191F9AE07B00F6208B /* TalkingButton */ = {
			isa = PBXNativeTarget;
			buildConfigurationList = 6620A92C1F9AE07B00F6208B /* Build configuration list for PBXNativeTarget "TalkingButton" */;
			buildPhases = (
				6620A9161F9AE07B00F6208B /* Sources */,
				6620A9171F9AE07B00F6208B /* Frameworks */,
				6620A9181F9AE07B00F6208B /* Resources */,
			);
			buildRules = (
			);
			dependencies = (
			);
			name = TalkingButton;
			productName = TalkingButton;
			productReference = 6620A91A1F9AE07B00F6208B /* TalkingButton.app */;
			productType = "com.apple.product-type.application";
		};
/* End PBXNativeTarget section */

/* Begin PBXProject section */
		6620A9121F9AE07B00F6208B /* Project object */ = {
			isa = PBXProject;
			attributes = {
				LastSwiftUpdateCheck = 0830;
				LastUpgradeCheck = 0830;
				TargetAttributes = {
					6620A9191F9AE07B00F6208B = {
						CreatedOnToolsVersion = 8.3.2;
						DevelopmentTeam = 8VGVR2XC92;
						ProvisioningStyle = Automatic;
					};
				};
			};
			buildConfigurationList = 6620A9151F9AE07B00F6208B /* Build configuration list for PBXProject "TalkingButton" */;
			compatibilityVersion = "Xcode 3.2";
			developmentRegion = English;
			hasScannedForEncodings = 0;
			knownRegions = (
				en,
				Base,
			);
			mainGroup = 6620A9111F9AE07B00F6208B;
			productRefGroup = 6620A91B1F9AE07B00F6208B /* Products */;
			projectDirPath = "";
			projectRoot = "";
			targets = (
				6620A9191F9AE07B00F6208B /* TalkingButton */,
			);
		};
/* End PBXProject section */

/* Begin PBXResourcesBuildPhase section */
		6620A9181F9AE07B00F6208B /* Resources */ = {
			isa = PBXResourcesBuildPhase;
			buildActionMask = 2147483647;
			files = (
				6620A9281F9AE07B00F6208B /* LaunchScreen.storyboard in Resources */,
				6620A9251F9AE07B00F6208B /* Assets.xcassets in Resources */,
				6620A9231F9AE07B00F6208B /* Main.storyboard in Resources */,
			);
			runOnlyForDeploymentPostprocessing = 0;
		};
/* End PBXResourcesBuildPhase section */

/* Begin PBXSourcesBuildPhase section */
		6620A9161F9AE07B00F6208B /* Sources */ = {
			isa = PBXSourcesBuildPhase;
			buildActionMask = 2147483647;
			files = (
				6620A9201F9AE07B00F6208B /* ViewController.swift in Sources */,
				6620A91E1F9AE07B00F6208B /* AppDelegate.swift in Sources */,
			);
			runOnlyForDeploymentPostprocessing = 0;
		};
/* End PBXSourcesBuildPhase section */

/* Begin PBXVariantGroup section */
		6620A9211F9AE07B00F6208B /* Main.storyboard */ = {
			isa = PBXVariantGroup;
			children = (
				6620A9221F9AE07B00F6208B /* Base */,
			);
			name = Main.storyboard;
			sourceTree = "<group>";
		};
		6620A9261F9AE07B00F6208B /* LaunchScreen.storyboard */ = {
			isa = PBXVariantGroup;
			children = (
				6620A9271F9AE07B00F6208B /* Base */,
			);
			name = LaunchScreen.storyboard;
			sourceTree = "<group>";
		};
/* End PBXVariantGroup section */

/* Begin XCBuildConfiguration section */
		6620A92A1F9AE07B00F6208B /* Debug */ = {
			isa = XCBuildConfiguration;
			buildSettings = {
				ALWAYS_SEARCH_USER_PATHS = NO;
				CLANG_ANALYZER_NONNULL = YES;
				CLANG_ANALYZER_NUMBER_OBJECT_CONVERSION = YES_AGGRESSIVE;
				CLANG_CXX_LANGUAGE_STANDARD = "gnu++0x";
				CLANG_CXX_LIBRARY = "libc++";
				CLANG_ENABLE_MODULES = YES;
				CLANG_ENABLE_OBJC_ARC = YES;
				CLANG_WARN_BOOL_CONVERSION = YES;
				CLANG_WARN_CONSTANT_CONVERSION = YES;
				CLANG_WARN_DIRECT_OBJC_ISA_USAGE = YES_ERROR;
				CLANG_WARN_DOCUMENTATION_COMMENTS = YES;
				CLANG_WARN_EMPTY_BODY = YES;
				CLANG_WARN_ENUM_CONVERSION = YES;
				CLANG_WARN_INFINITE_RECURSION = YES;
				CLANG_WARN_INT_CONVERSION = YES;
				CLANG_WARN_OBJC_ROOT_CLASS = YES_ERROR;
				CLANG_WARN_SUSPICIOUS_MOVE = YES;
				CLANG_WARN_UNREACHABLE_CODE = YES;
				CLANG_WARN__DUPLICATE_METHOD_MATCH = YES;
				"CODE_SIGN_IDENTITY[sdk=iphoneos*]" = "iPhone Developer";
				COPY_PHASE_STRIP = NO;
				DEBUG_INFORMATION_FORMAT = dwarf;
				ENABLE_STRICT_OBJC_MSGSEND = YES;
				ENABLE_TESTABILITY = YES;
				GCC_C_LANGUAGE_STANDARD = gnu99;
				GCC_DYNAMIC_NO_PIC = NO;
				GCC_NO_COMMON_BLOCKS = YES;
				GCC_OPTIMIZATION_LEVEL = 0;
				GCC_PREPROCESSOR_DEFINITIONS = (
					"DEBUG=1",
					"$(inherited)",
				);
				GCC_WARN_64_TO_32_BIT_CONVERSION = YES;
				GCC_WARN_ABOUT_RETURN_TYPE = YES_ERROR;
				GCC_WARN_UNDECLARED_SELECTOR = YES;
				GCC_WARN_UNINITIALIZED_AUTOS = YES_AGGRESSIVE;
				GCC_WARN_UNUSED_FUNCTION = YES;
				GCC_WARN_UNUSED_VARIABLE = YES;
				IPHONEOS_DEPLOYMENT_TARGET = 10.3;
				MTL_ENABLE_DEBUG_INFO = YES;
				ONLY_ACTIVE_ARCH = YES;
				SDKROOT = iphoneos;
				SWIFT_ACTIVE_COMPILATION_CONDITIONS = DEBUG;
				SWIFT_OPTIMIZATION_LEVEL = "-Onone";
			};
			name = Debug;
		};
		6620A92B1F9AE07B00F6208B /* Release */ = {
			isa = XCBuildConfiguration;
			buildSettings = {
				ALWAYS_SEARCH_USER_PATHS = NO;
				CLANG_ANALYZER_NONNULL = YES;
				CLANG_ANALYZER_NUMBER_OBJECT_CONVERSION = YES_AGGRESSIVE;
				CLANG_CXX_LANGUAGE_STANDARD = "gnu++0x";
				CLANG_CXX_LIBRARY = "libc++";
				CLANG_ENABLE_MODULES = YES;
				CLANG_ENABLE_OBJC_ARC = YES;
				CLANG_WARN_BOOL_CONVERSION = YES;
				CLANG_WARN_CONSTANT_CONVERSION = YES;
				CLANG_WARN_DIRECT_OBJC_ISA_USAGE = YES_ERROR;
				CLANG_WARN_DOCUMENTATION_COMMENTS = YES;
				CLANG_WARN_EMPTY_BODY = YES;
				CLANG_WARN_ENUM_CONVERSION = YES;
				CLANG_WARN_INFINITE_RECURSION = YES;
				CLANG_WARN_INT_CONVERSION = YES;
				CLANG_WARN_OBJC_ROOT_CLASS = YES_ERROR;
				CLANG_WARN_SUSPICIOUS_MOVE = YES;
				CLANG_WARN_UNREACHABLE_CODE = YES;
				CLANG_WARN__DUPLICATE_METHOD_MATCH = YES;
				"CODE_SIGN_IDENTITY[sdk=iphoneos*]" = "iPhone Developer";
				COPY_PHASE_STRIP = NO;
				DEBUG_INFORMATION_FORMAT = "dwarf-with-dsym";
				ENABLE_NS_ASSERTIONS = NO;
				ENABLE_STRICT_OBJC_MSGSEND = YES;
				GCC_C_LANGUAGE_STANDARD = gnu99;
				GCC_NO_COMMON_BLOCKS = YES;
				GCC_WARN_64_TO_32_BIT_CONVERSION = YES;
				GCC_WARN_ABOUT_RETURN_TYPE = YES_ERROR;
				GCC_WARN_UNDECLARED_SELECTOR = YES;
				GCC_WARN_UNINITIALIZED_AUTOS = YES_AGGRESSIVE;
				GCC_WARN_UNUSED_FUNCTION = YES;
				GCC_WARN_UNUSED_VARIABLE = YES;
				IPHONEOS_DEPLOYMENT_TARGET = 10.3;
				MTL_ENABLE_DEBUG_INFO = NO;
				SDKROOT = iphoneos;
				SWIFT_OPTIMIZATION_LEVEL = "-Owholemodule";
				VALIDATE_PRODUCT = YES;
			};
			name = Release;
		};
		6620A92D1F9AE07B00F6208B /* Debug */ = {
			isa = XCBuildConfiguration;
			buildSettings = {
				ASSETCATALOG_COMPILER_APPICON_NAME = AppIcon;
				DEVELOPMENT_TEAM = 8VGVR2XC92;
				INFOPLIST_FILE = TalkingButton/Info.plist;
				LD_RUNPATH_SEARCH_PATHS = "$(inherited) @executable_path/Frameworks";
				PRODUCT_BUNDLE_IDENTIFIER = jp.Masanori.TalkingButton;
				PRODUCT_NAME = "$(TARGET_NAME)";
				SWIFT_VERSION = 3.0;
			};
			name = Debug;
		};
		6620A92E1F9AE07B00F6208B /* Release */ = {
			isa = XCBuildConfiguration;
			buildSettings = {
				ASSETCATALOG_COMPILER_APPICON_NAME = AppIcon;
				DEVELOPMENT_TEAM = 8VGVR2XC92;
				INFOPLIST_FILE = TalkingButton/Info.plist;
				LD_RUNPATH_SEARCH_PATHS = "$(inherited) @executable_path/Frameworks";
				PRODUCT_BUNDLE_IDENTIFIER = jp.Masanori.TalkingButton;
				PRODUCT_NAME = "$(TARGET_NAME)";
				SWIFT_VERSION = 3.0;
			};
			name = Release;
		};
/* End XCBuildConfiguration section */

/* Begin XCConfigurationList section */
		6620A9151F9AE07B00F6208B /* Build configuration list for PBXProject "TalkingButton" */ = {
			isa = XCConfigurationList;
			buildConfigurations = (
				6620A92A1F9AE07B00F6208B /* Debug */,
				6620A92B1F9AE07B00F6208B /* Release */,
			);
			defaultConfigurationIsVisible = 0;
			defaultConfigurationName = Release;
		};
		6620A92C1F9AE07B00F6208B /* Build configuration list for PBXNativeTarget "TalkingButton" */ = {
			isa = XCConfigurationList;
			buildConfigurations = (
				6620A92D1F9AE07B00F6208B /* Debug */,
				6620A92E1F9AE07B00F6208B /* Release */,
			);
			defaultConfigurationIsVisible = 0;
		};
/* End XCConfigurationList section */
	};
	rootObject = 6620A9121F9AE07B00F6208B /* Project object */;
}
